
Microsoft Visual Studio Solution File, Format Version 12.00
# Visual Studio Version 17
VisualStudioVersion = 17.6.33723.286
MinimumVisualStudioVersion = 10.0.40219.1
Project("{FAE04EC0-301F-11D3-BF4B-00C04F79EFBC}") = "Genis-Oncelikli-Arama-BFS-Odevi-Yuksek-Lisans-YapayZeka-Dersi1", "Genis-Oncelikli-Arama-BFS-Odevi-Yuksek-Lisans-YapayZeka-Dersi1.csproj", "{4A25D8E7-EA01-494A-8A14-A7DB69F31EF9}"
EndProject
Global
	GlobalSection(SolutionConfigurationPlatforms) = preSolution
		Debug|Any CPU = Debug|Any CPU
		Release|Any CPU = Release|Any CPU
	EndGlobalSection
	GlobalSection(ProjectConfigurationPlatforms) = postSolution
		{4A25D8E7-EA01-494A-8A14-A7DB69F31EF9}.Debug|Any CPU.ActiveCfg = Debug|Any CPU
		{4A25D8E7-EA01-494A-8A14-A7DB69F31EF9}.Debug|Any CPU.Build.0 = Debug|Any CPU
		{4A25D8E7-EA01-494A-8A14-A7DB69F31EF9}.Release|Any CPU.ActiveCfg = Release|Any CPU
		{4A25D8E7-EA01-494A-8A14-A7DB69F31EF9}.Release|Any CPU.Build.0 = Release|Any CPU
	EndGlobalSection
	GlobalSection(SolutionProperties) = preSolution
		HideSolutionNode = FALSE
	EndGlobalSection
	GlobalSection(ExtensibilityGlobals) = postSolution
		SolutionGuid = {C2195F49-AEF8-4DA3-8500-6AFFB1F57554}
	EndGlobalSection
EndGlobal
